
Microsoft Visual Studio Solution File, Format Version 12.00
# Visual Studio 14
VisualStudioVersion = 14.0.22609.0
MinimumVisualStudioVersion = 10.0.40219.1
Project("{2150E333-8FDC-42A3-9474-1A3956D46DE8}") = "0 - Presentation", "0 - Presentation", "{B64DDC5F-FEE3-4E31-BB7B-1BB85E7B2420}"
EndProject
Project("{2150E333-8FDC-42A3-9474-1A3956D46DE8}") = "2 - Application", "2 - Application", "{A00694A3-5699-4B52-8A62-714DB4E35A21}"
EndProject
Project("{2150E333-8FDC-42A3-9474-1A3956D46DE8}") = "3 - Domain", "3 - Domain", "{A079B8A2-2A98-46BB-BB45-E439B25F0BE3}"
EndProject
Project("{2150E333-8FDC-42A3-9474-1A3956D46DE8}") = "4 - Data", "4 - Data", "{D4617DF2-3282-46E4-9EAA-17F494000241}"
EndProject
Project("{2150E333-8FDC-42A3-9474-1A3956D46DE8}") = "4.1 - Data", "4.1 - Data", "{596DF4B3-10B7-40E1-8634-E37B888871AB}"
EndProject
Project("{2150E333-8FDC-42A3-9474-1A3956D46DE8}") = "1 - Services", "1 - Services", "{C77C6C6D-0220-4017-B016-F18536AE8ED3}"
EndProject
Project("{FAE04EC0-301F-11D3-BF4B-00C04F79EFBC}") = "GrupoPlennus.Domain", "app\GrupoPlennus.Domain\GrupoPlennus.Domain.csproj", "{76491BE8-0E43-421F-BBE2-D382CE7D6E8C}"
EndProject
Project("{FAE04EC0-301F-11D3-BF4B-00C04F79EFBC}") = "GrupoPlennus.Data", "app\GrupoPlennus.Data\GrupoPlennus.Data.csproj", "{BF86409D-BB3C-47CF-A396-56A3C9BAA8D8}"
EndProject
Project("{FAE04EC0-301F-11D3-BF4B-00C04F79EFBC}") = "GrupoPlennus.HabitacaoMvc", "app\GrupoPlennus.HabitacaoMvc\GrupoPlennus.HabitacaoMvc.csproj", "{5B6081C1-F06D-4967-AFB6-0D5BC92773C8}"
EndProject
Project("{FAE04EC0-301F-11D3-BF4B-00C04F79EFBC}") = "GrupoPlennus.Application", "app\GrupoPlennus.Application\GrupoPlennus.Application.csproj", "{471CC6B4-2466-4185-AE37-0B8974D02847}"
EndProject
Global
	GlobalSection(SolutionConfigurationPlatforms) = preSolution
		Debug|Any CPU = Debug|Any CPU
		pp|Any CPU = pp|Any CPU
		Release|Any CPU = Release|Any CPU
	EndGlobalSection
	GlobalSection(ProjectConfigurationPlatforms) = postSolution
		{76491BE8-0E43-421F-BBE2-D382CE7D6E8C}.Debug|Any CPU.ActiveCfg = Debug|Any CPU
		{76491BE8-0E43-421F-BBE2-D382CE7D6E8C}.Debug|Any CPU.Build.0 = Debug|Any CPU
		{76491BE8-0E43-421F-BBE2-D382CE7D6E8C}.pp|Any CPU.ActiveCfg = pp|Any CPU
		{76491BE8-0E43-421F-BBE2-D382CE7D6E8C}.pp|Any CPU.Build.0 = pp|Any CPU
		{76491BE8-0E43-421F-BBE2-D382CE7D6E8C}.Release|Any CPU.ActiveCfg = Release|Any CPU
		{76491BE8-0E43-421F-BBE2-D382CE7D6E8C}.Release|Any CPU.Build.0 = Release|Any CPU
		{BF86409D-BB3C-47CF-A396-56A3C9BAA8D8}.Debug|Any CPU.ActiveCfg = Debug|Any CPU
		{BF86409D-BB3C-47CF-A396-56A3C9BAA8D8}.Debug|Any CPU.Build.0 = Debug|Any CPU
		{BF86409D-BB3C-47CF-A396-56A3C9BAA8D8}.pp|Any CPU.ActiveCfg = pp|Any CPU
		{BF86409D-BB3C-47CF-A396-56A3C9BAA8D8}.pp|Any CPU.Build.0 = pp|Any CPU
		{BF86409D-BB3C-47CF-A396-56A3C9BAA8D8}.Release|Any CPU.ActiveCfg = Release|Any CPU
		{BF86409D-BB3C-47CF-A396-56A3C9BAA8D8}.Release|Any CPU.Build.0 = Release|Any CPU
		{5B6081C1-F06D-4967-AFB6-0D5BC92773C8}.Debug|Any CPU.ActiveCfg = Debug|Any CPU
		{5B6081C1-F06D-4967-AFB6-0D5BC92773C8}.Debug|Any CPU.Build.0 = Debug|Any CPU
		{5B6081C1-F06D-4967-AFB6-0D5BC92773C8}.pp|Any CPU.ActiveCfg = pp|Any CPU
		{5B6081C1-F06D-4967-AFB6-0D5BC92773C8}.pp|Any CPU.Build.0 = pp|Any CPU
		{5B6081C1-F06D-4967-AFB6-0D5BC92773C8}.Release|Any CPU.ActiveCfg = Release|Any CPU
		{5B6081C1-F06D-4967-AFB6-0D5BC92773C8}.Release|Any CPU.Build.0 = Release|Any CPU
		{471CC6B4-2466-4185-AE37-0B8974D02847}.Debug|Any CPU.ActiveCfg = Debug|Any CPU
		{471CC6B4-2466-4185-AE37-0B8974D02847}.Debug|Any CPU.Build.0 = Debug|Any CPU
		{471CC6B4-2466-4185-AE37-0B8974D02847}.pp|Any CPU.ActiveCfg = pp|Any CPU
		{471CC6B4-2466-4185-AE37-0B8974D02847}.pp|Any CPU.Build.0 = pp|Any CPU
		{471CC6B4-2466-4185-AE37-0B8974D02847}.Release|Any CPU.ActiveCfg = Release|Any CPU
		{471CC6B4-2466-4185-AE37-0B8974D02847}.Release|Any CPU.Build.0 = Release|Any CPU
	EndGlobalSection
	GlobalSection(SolutionProperties) = preSolution
		HideSolutionNode = FALSE
	EndGlobalSection
	GlobalSection(NestedProjects) = preSolution
		{596DF4B3-10B7-40E1-8634-E37B888871AB} = {D4617DF2-3282-46E4-9EAA-17F494000241}
		{76491BE8-0E43-421F-BBE2-D382CE7D6E8C} = {A079B8A2-2A98-46BB-BB45-E439B25F0BE3}
		{BF86409D-BB3C-47CF-A396-56A3C9BAA8D8} = {596DF4B3-10B7-40E1-8634-E37B888871AB}
		{5B6081C1-F06D-4967-AFB6-0D5BC92773C8} = {B64DDC5F-FEE3-4E31-BB7B-1BB85E7B2420}
		{471CC6B4-2466-4185-AE37-0B8974D02847} = {A00694A3-5699-4B52-8A62-714DB4E35A21}
	EndGlobalSection
EndGlobal
